{
    "_meta": {
        "hash": {
            "sha256": "94fca9d1d7ebd5027b7ede72b3c46325f7e894e5a20a5cb91040dd21d078065f"
        },
        "pipfile-spec": 1,
        "requires": {},
        "sources": [
            {
                "url": "https://pypi.python.org/simple",
                "verify_ssl": true
            }
        ]
    },
    "default": {
        "certifi": {
            "version": "==2017.7.27.1"
        },
        "chardet": {
            "version": "==3.0.4"
        },
        "hiredis": {
            "version": "==0.2.0"
        },
        "idna": {
            "version": "==2.6"
        },
        "redis": {
            "version": "==2.10.5"
        },
        "requests": {
            "version": "==2.18.4"
        },
        "urllib3": {
            "version": "==1.22"
        }
    },
    "develop": {}
}
